
Microsoft Visual Studio Solution File, Format Version 12.00
# Visual Studio Version 16
VisualStudioVersion = 16.0.30114.105
MinimumVisualStudioVersion = 10.0.40219.1
Project("{2150E333-8FDC-42A3-9474-1A3956D46DE8}") = "src", "src", "{FD664987-1096-465C-A9E5-61C4F64A998C}"
EndProject
Project("{2150E333-8FDC-42A3-9474-1A3956D46DE8}") = "core", "core", "{62542DA1-A10C-417D-A105-6251526B801A}"
EndProject
Project("{FAE04EC0-301F-11D3-BF4B-00C04F79EFBC}") = "Librarian.Domain", "src\core\Librarian.Domain\Librarian.Domain.csproj", "{088994B0-E64E-4B21-910D-1A1DC4EBB5F3}"
EndProject
Project("{FAE04EC0-301F-11D3-BF4B-00C04F79EFBC}") = "Librarian.Application", "src\core\Librarian.Application\Librarian.Application.csproj", "{38AE0FDA-82BD-40E0-9239-517C35A1F55E}"
EndProject
Project("{2150E333-8FDC-42A3-9474-1A3956D46DE8}") = "infrastructure", "infrastructure", "{F8F8C5B6-223A-44C9-8739-C7088AE7E89F}"
EndProject
Project("{FAE04EC0-301F-11D3-BF4B-00C04F79EFBC}") = "Librarian.Data", "src\infrastructure\Librarian.Data\Librarian.Data.csproj", "{6BC791BA-33AE-47C0-A339-11394994C786}"
EndProject
Project("{FAE04EC0-301F-11D3-BF4B-00C04F79EFBC}") = "Librarian.Shared", "src\infrastructure\Librarian.Shared\Librarian.Shared.csproj", "{673C24CA-AA77-4A4F-BD46-980216CC691E}"
EndProject
Project("{2150E333-8FDC-42A3-9474-1A3956D46DE8}") = "presentation", "presentation", "{C0A01880-30B1-477A-87E7-527B8076970F}"
EndProject
Project("{FAE04EC0-301F-11D3-BF4B-00C04F79EFBC}") = "Librarian.WebApi", "src\presentation\Librarian.WebApi\Librarian.WebApi.csproj", "{9EA0E1A1-D9EE-468E-97BD-1D9DF24F9441}"
EndProject
Global
	GlobalSection(SolutionConfigurationPlatforms) = preSolution
		Debug|Any CPU = Debug|Any CPU
		Debug|x64 = Debug|x64
		Debug|x86 = Debug|x86
		Release|Any CPU = Release|Any CPU
		Release|x64 = Release|x64
		Release|x86 = Release|x86
	EndGlobalSection
	GlobalSection(SolutionProperties) = preSolution
		HideSolutionNode = FALSE
	EndGlobalSection
	GlobalSection(ProjectConfigurationPlatforms) = postSolution
		{088994B0-E64E-4B21-910D-1A1DC4EBB5F3}.Debug|Any CPU.ActiveCfg = Debug|Any CPU
		{088994B0-E64E-4B21-910D-1A1DC4EBB5F3}.Debug|Any CPU.Build.0 = Debug|Any CPU
		{088994B0-E64E-4B21-910D-1A1DC4EBB5F3}.Debug|x64.ActiveCfg = Debug|Any CPU
		{088994B0-E64E-4B21-910D-1A1DC4EBB5F3}.Debug|x64.Build.0 = Debug|Any CPU
		{088994B0-E64E-4B21-910D-1A1DC4EBB5F3}.Debug|x86.ActiveCfg = Debug|Any CPU
		{088994B0-E64E-4B21-910D-1A1DC4EBB5F3}.Debug|x86.Build.0 = Debug|Any CPU
		{088994B0-E64E-4B21-910D-1A1DC4EBB5F3}.Release|Any CPU.ActiveCfg = Release|Any CPU
		{088994B0-E64E-4B21-910D-1A1DC4EBB5F3}.Release|Any CPU.Build.0 = Release|Any CPU
		{088994B0-E64E-4B21-910D-1A1DC4EBB5F3}.Release|x64.ActiveCfg = Release|Any CPU
		{088994B0-E64E-4B21-910D-1A1DC4EBB5F3}.Release|x64.Build.0 = Release|Any CPU
		{088994B0-E64E-4B21-910D-1A1DC4EBB5F3}.Release|x86.ActiveCfg = Release|Any CPU
		{088994B0-E64E-4B21-910D-1A1DC4EBB5F3}.Release|x86.Build.0 = Release|Any CPU
		{38AE0FDA-82BD-40E0-9239-517C35A1F55E}.Debug|Any CPU.ActiveCfg = Debug|Any CPU
		{38AE0FDA-82BD-40E0-9239-517C35A1F55E}.Debug|Any CPU.Build.0 = Debug|Any CPU
		{38AE0FDA-82BD-40E0-9239-517C35A1F55E}.Debug|x64.ActiveCfg = Debug|Any CPU
		{38AE0FDA-82BD-40E0-9239-517C35A1F55E}.Debug|x64.Build.0 = Debug|Any CPU
		{38AE0FDA-82BD-40E0-9239-517C35A1F55E}.Debug|x86.ActiveCfg = Debug|Any CPU
		{38AE0FDA-82BD-40E0-9239-517C35A1F55E}.Debug|x86.Build.0 = Debug|Any CPU
		{38AE0FDA-82BD-40E0-9239-517C35A1F55E}.Release|Any CPU.ActiveCfg = Release|Any CPU
		{38AE0FDA-82BD-40E0-9239-517C35A1F55E}.Release|Any CPU.Build.0 = Release|Any CPU
		{38AE0FDA-82BD-40E0-9239-517C35A1F55E}.Release|x64.ActiveCfg = Release|Any CPU
		{38AE0FDA-82BD-40E0-9239-517C35A1F55E}.Release|x64.Build.0 = Release|Any CPU
		{38AE0FDA-82BD-40E0-9239-517C35A1F55E}.Release|x86.ActiveCfg = Release|Any CPU
		{38AE0FDA-82BD-40E0-9239-517C35A1F55E}.Release|x86.Build.0 = Release|Any CPU
		{6BC791BA-33AE-47C0-A339-11394994C786}.Debug|Any CPU.ActiveCfg = Debug|Any CPU
		{6BC791BA-33AE-47C0-A339-11394994C786}.Debug|Any CPU.Build.0 = Debug|Any CPU
		{6BC791BA-33AE-47C0-A339-11394994C786}.Debug|x64.ActiveCfg = Debug|Any CPU
		{6BC791BA-33AE-47C0-A339-11394994C786}.Debug|x64.Build.0 = Debug|Any CPU
		{6BC791BA-33AE-47C0-A339-11394994C786}.Debug|x86.ActiveCfg = Debug|Any CPU
		{6BC791BA-33AE-47C0-A339-11394994C786}.Debug|x86.Build.0 = Debug|Any CPU
		{6BC791BA-33AE-47C0-A339-11394994C786}.Release|Any CPU.ActiveCfg = Release|Any CPU
		{6BC791BA-33AE-47C0-A339-11394994C786}.Release|Any CPU.Build.0 = Release|Any CPU
		{6BC791BA-33AE-47C0-A339-11394994C786}.Release|x64.ActiveCfg = Release|Any CPU
		{6BC791BA-33AE-47C0-A339-11394994C786}.Release|x64.Build.0 = Release|Any CPU
		{6BC791BA-33AE-47C0-A339-11394994C786}.Release|x86.ActiveCfg = Release|Any CPU
		{6BC791BA-33AE-47C0-A339-11394994C786}.Release|x86.Build.0 = Release|Any CPU
		{673C24CA-AA77-4A4F-BD46-980216CC691E}.Debug|Any CPU.ActiveCfg = Debug|Any CPU
		{673C24CA-AA77-4A4F-BD46-980216CC691E}.Debug|Any CPU.Build.0 = Debug|Any CPU
		{673C24CA-AA77-4A4F-BD46-980216CC691E}.Debug|x64.ActiveCfg = Debug|Any CPU
		{673C24CA-AA77-4A4F-BD46-980216CC691E}.Debug|x64.Build.0 = Debug|Any CPU
		{673C24CA-AA77-4A4F-BD46-980216CC691E}.Debug|x86.ActiveCfg = Debug|Any CPU
		{673C24CA-AA77-4A4F-BD46-980216CC691E}.Debug|x86.Build.0 = Debug|Any CPU
		{673C24CA-AA77-4A4F-BD46-980216CC691E}.Release|Any CPU.ActiveCfg = Release|Any CPU
		{673C24CA-AA77-4A4F-BD46-980216CC691E}.Release|Any CPU.Build.0 = Release|Any CPU
		{673C24CA-AA77-4A4F-BD46-980216CC691E}.Release|x64.ActiveCfg = Release|Any CPU
		{673C24CA-AA77-4A4F-BD46-980216CC691E}.Release|x64.Build.0 = Release|Any CPU
		{673C24CA-AA77-4A4F-BD46-980216CC691E}.Release|x86.ActiveCfg = Release|Any CPU
		{673C24CA-AA77-4A4F-BD46-980216CC691E}.Release|x86.Build.0 = Release|Any CPU
		{9EA0E1A1-D9EE-468E-97BD-1D9DF24F9441}.Debug|Any CPU.ActiveCfg = Debug|Any CPU
		{9EA0E1A1-D9EE-468E-97BD-1D9DF24F9441}.Debug|Any CPU.Build.0 = Debug|Any CPU
		{9EA0E1A1-D9EE-468E-97BD-1D9DF24F9441}.Debug|x64.ActiveCfg = Debug|Any CPU
		{9EA0E1A1-D9EE-468E-97BD-1D9DF24F9441}.Debug|x64.Build.0 = Debug|Any CPU
		{9EA0E1A1-D9EE-468E-97BD-1D9DF24F9441}.Debug|x86.ActiveCfg = Debug|Any CPU
		{9EA0E1A1-D9EE-468E-97BD-1D9DF24F9441}.Debug|x86.Build.0 = Debug|Any CPU
		{9EA0E1A1-D9EE-468E-97BD-1D9DF24F9441}.Release|Any CPU.ActiveCfg = Release|Any CPU
		{9EA0E1A1-D9EE-468E-97BD-1D9DF24F9441}.Release|Any CPU.Build.0 = Release|Any CPU
		{9EA0E1A1-D9EE-468E-97BD-1D9DF24F9441}.Release|x64.ActiveCfg = Release|Any CPU
		{9EA0E1A1-D9EE-468E-97BD-1D9DF24F9441}.Release|x64.Build.0 = Release|Any CPU
		{9EA0E1A1-D9EE-468E-97BD-1D9DF24F9441}.Release|x86.ActiveCfg = Release|Any CPU
		{9EA0E1A1-D9EE-468E-97BD-1D9DF24F9441}.Release|x86.Build.0 = Release|Any CPU
	EndGlobalSection
	GlobalSection(NestedProjects) = preSolution
		{62542DA1-A10C-417D-A105-6251526B801A} = {FD664987-1096-465C-A9E5-61C4F64A998C}
		{088994B0-E64E-4B21-910D-1A1DC4EBB5F3} = {62542DA1-A10C-417D-A105-6251526B801A}
		{38AE0FDA-82BD-40E0-9239-517C35A1F55E} = {62542DA1-A10C-417D-A105-6251526B801A}
		{F8F8C5B6-223A-44C9-8739-C7088AE7E89F} = {FD664987-1096-465C-A9E5-61C4F64A998C}
		{6BC791BA-33AE-47C0-A339-11394994C786} = {F8F8C5B6-223A-44C9-8739-C7088AE7E89F}
		{673C24CA-AA77-4A4F-BD46-980216CC691E} = {F8F8C5B6-223A-44C9-8739-C7088AE7E89F}
		{C0A01880-30B1-477A-87E7-527B8076970F} = {FD664987-1096-465C-A9E5-61C4F64A998C}
		{9EA0E1A1-D9EE-468E-97BD-1D9DF24F9441} = {C0A01880-30B1-477A-87E7-527B8076970F}
	EndGlobalSection
EndGlobal
